
Microsoft Visual Studio Solution File, Format Version 12.00
# Visual Studio Version 17
VisualStudioVersion = 17.4.33110.190
MinimumVisualStudioVersion = 10.0.40219.1
Project("{FAE04EC0-301F-11D3-BF4B-00C04F79EFBC}") = "ManejoPresupuesto", "ManejoPresupuesto\ManejoPresupuesto.csproj", "{C58D5895-9082-4258-A82D-B01E1375F0D7}"
EndProject
Global
	GlobalSection(SolutionConfigurationPlatforms) = preSolution
		Debug|Any CPU = Debug|Any CPU
		Release|Any CPU = Release|Any CPU
	EndGlobalSection
	GlobalSection(ProjectConfigurationPlatforms) = postSolution
		{C58D5895-9082-4258-A82D-B01E1375F0D7}.Debug|Any CPU.ActiveCfg = Debug|Any CPU
		{C58D5895-9082-4258-A82D-B01E1375F0D7}.Debug|Any CPU.Build.0 = Debug|Any CPU
		{C58D5895-9082-4258-A82D-B01E1375F0D7}.Release|Any CPU.ActiveCfg = Release|Any CPU
		{C58D5895-9082-4258-A82D-B01E1375F0D7}.Release|Any CPU.Build.0 = Release|Any CPU
	EndGlobalSection
	GlobalSection(SolutionProperties) = preSolution
		HideSolutionNode = FALSE
	EndGlobalSection
	GlobalSection(ExtensibilityGlobals) = postSolution
		SolutionGuid = {A7C32FE7-926D-4B0A-A0CF-58A9CFD789A8}
	EndGlobalSection
EndGlobal
